schema: '2.0'
stages:
  preprocess:
    cmd: python scripts/preprocess.py --input data/raw/prompts.csv --output 
      data/processed.csv
    deps:
    - path: data/raw/prompts.csv
      hash: md5
      md5: b7cf255f363a043e59982ffb2aed2648
      size: 1649
    - path: scripts/preprocess.py
      hash: md5
      md5: e33db128cbce580150b3714b4fcaa4d3
      size: 590
    params:
      params.yaml:
        preprocess.input: data/raw/prompts.csv
        preprocess.output: data/processed.csv
    outs:
    - path: data/processed.csv
      hash: md5
      md5: b7cf255f363a043e59982ffb2aed2648
      size: 1649
  train:
    cmd: python scripts/train.py --data data/processed.csv --model_dir 
      models/model_v1 --model_name distilgpt2 --epochs 3 --batch_size 8
    deps:
    - path: data/processed.csv
      hash: md5
      md5: b7cf255f363a043e59982ffb2aed2648
      size: 1649
    - path: scripts/train.py
      hash: md5
      md5: e2a2d9a841e70d88a73b4b900ffd60f2
      size: 1442
    params:
      params.yaml:
        train.batch_size: 8
        train.data: data/processed.csv
        train.epochs: 3
        train.model_dir: models/model_v1
        train.model_name: distilgpt2
    outs:
    - path: models/model_v1
      hash: md5
      md5: f4dbb7dfb8f58d0db3c982e8bdb98252.dir
      size: 332471746
      nfiles: 8
  generate:
    cmd: python scripts/rag_generate.py --model_dir models/model_v1 --data 
      data/processed.csv --knowledge_base data/raw/knowledge_base.csv --output 
      data/predictions.csv --max_length 50
    deps:
    - path: data/processed.csv
      hash: md5
      md5: b7cf255f363a043e59982ffb2aed2648
      size: 1649
    - path: data/raw/knowledge_base.csv
      hash: md5
      md5: cd1453bd55b70d25e5fa3ad7251f17d2
      size: 27181
    - path: models/model_v1
      hash: md5
      md5: f4dbb7dfb8f58d0db3c982e8bdb98252.dir
      size: 332471746
      nfiles: 8
    - path: scripts/rag_generate.py
      hash: md5
      md5: 0a82a31ddfa4199569736644dcfaf012
      size: 3109
    params:
      params.yaml:
        generate.max_length: 50
    outs:
    - path: data/predictions.csv
      hash: md5
      md5: db01c50c03fc02322141ec0bf40c986c
      size: 25745
